
Microsoft Visual Studio Solution File, Format Version 12.00
# Visual Studio Version 17
VisualStudioVersion = 17.9.34616.47
MinimumVisualStudioVersion = 10.0.40219.1
Project("{FAE04EC0-301F-11D3-BF4B-00C04F79EFBC}") = "LostWorldTracker", "LostWorldTracker\LostWorldTracker.csproj", "{521020C5-4CF8-48A4-A6C7-58512661AF9F}"
EndProject
Project("{FAE04EC0-301F-11D3-BF4B-00C04F79EFBC}") = "VRChat.API", "external\vrchatapi-csharp\src\VRChat.API\VRChat.API.csproj", "{B826B506-AFFD-5F32-EF7A-2051ACC65A34}"
EndProject
Global
	GlobalSection(SolutionConfigurationPlatforms) = preSolution
		Debug|Any CPU = Debug|Any CPU
		Release|Any CPU = Release|Any CPU
	EndGlobalSection
	GlobalSection(ProjectConfigurationPlatforms) = postSolution
		{521020C5-4CF8-48A4-A6C7-58512661AF9F}.Debug|Any CPU.ActiveCfg = Debug|Any CPU
		{521020C5-4CF8-48A4-A6C7-58512661AF9F}.Debug|Any CPU.Build.0 = Debug|Any CPU
		{521020C5-4CF8-48A4-A6C7-58512661AF9F}.Release|Any CPU.ActiveCfg = Release|Any CPU
		{521020C5-4CF8-48A4-A6C7-58512661AF9F}.Release|Any CPU.Build.0 = Release|Any CPU
		{B826B506-AFFD-5F32-EF7A-2051ACC65A34}.Debug|Any CPU.ActiveCfg = Debug|Any CPU
		{B826B506-AFFD-5F32-EF7A-2051ACC65A34}.Debug|Any CPU.Build.0 = Debug|Any CPU
		{B826B506-AFFD-5F32-EF7A-2051ACC65A34}.Release|Any CPU.ActiveCfg = Release|Any CPU
		{B826B506-AFFD-5F32-EF7A-2051ACC65A34}.Release|Any CPU.Build.0 = Release|Any CPU
	EndGlobalSection
	GlobalSection(SolutionProperties) = preSolution
		HideSolutionNode = FALSE
	EndGlobalSection
	GlobalSection(ExtensibilityGlobals) = postSolution
		SolutionGuid = {FD0A4A15-D849-40A6-97B3-C7DFFE272CB3}
	EndGlobalSection
EndGlobal
